
Microsoft Visual Studio Solution File, Format Version 12.00
# Visual Studio 15
VisualStudioVersion = 15.0.27604.0
MinimumVisualStudioVersion = 10.0.40219.1
Project("{FAE04EC0-301F-11D3-BF4B-00C04F79EFBC}") = "TipCalc2", "TipCalc2\TipCalc2\TipCalc2.csproj", "{A8918BD6-B9FA-4318-8AFF-54B632ADCDBF}"
EndProject
Project("{FAE04EC0-301F-11D3-BF4B-00C04F79EFBC}") = "TipCalc2.Android", "TipCalc2\TipCalc2.Android\TipCalc2.Android.csproj", "{5FC62321-6EBD-46BC-B9E0-890CAD082B47}"
EndProject
Project("{FAE04EC0-301F-11D3-BF4B-00C04F79EFBC}") = "TipCalc2.iOS", "TipCalc2\TipCalc2.iOS\TipCalc2.iOS.csproj", "{70954986-1A46-4A62-A5E7-A85A1D865B73}"
EndProject
Project("{FAE04EC0-301F-11D3-BF4B-00C04F79EFBC}") = "TipCalc2.UWP", "TipCalc2\TipCalc2.UWP\TipCalc2.UWP.csproj", "{B7EA026E-9C0D-4E1A-89BC-5169FB6FF044}"
EndProject
Project("{FAE04EC0-301F-11D3-BF4B-00C04F79EFBC}") = "TipCalc2_core", "TipCalc2\TipCalc2_core\TipCalc2_core.csproj", "{B8C9B32F-26E3-4D24-B37A-EEDE5C0F5042}"
EndProject
Global
	GlobalSection(SolutionConfigurationPlatforms) = preSolution
		Ad-Hoc|Any CPU = Ad-Hoc|Any CPU
		Ad-Hoc|ARM = Ad-Hoc|ARM
		Ad-Hoc|iPhone = Ad-Hoc|iPhone
		Ad-Hoc|iPhoneSimulator = Ad-Hoc|iPhoneSimulator
		Ad-Hoc|x64 = Ad-Hoc|x64
		Ad-Hoc|x86 = Ad-Hoc|x86
		AppStore|Any CPU = AppStore|Any CPU
		AppStore|ARM = AppStore|ARM
		AppStore|iPhone = AppStore|iPhone
		AppStore|iPhoneSimulator = AppStore|iPhoneSimulator
		AppStore|x64 = AppStore|x64
		AppStore|x86 = AppStore|x86
		Debug|Any CPU = Debug|Any CPU
		Debug|ARM = Debug|ARM
		Debug|iPhone = Debug|iPhone
		Debug|iPhoneSimulator = Debug|iPhoneSimulator
		Debug|x64 = Debug|x64
		Debug|x86 = Debug|x86
		Release|Any CPU = Release|Any CPU
		Release|ARM = Release|ARM
		Release|iPhone = Release|iPhone
		Release|iPhoneSimulator = Release|iPhoneSimulator
		Release|x64 = Release|x64
		Release|x86 = Release|x86
	EndGlobalSection
	GlobalSection(ProjectConfigurationPlatforms) = postSolution
		{A8918BD6-B9FA-4318-8AFF-54B632ADCDBF}.Ad-Hoc|Any CPU.ActiveCfg = Debug|Any CPU
		{A8918BD6-B9FA-4318-8AFF-54B632ADCDBF}.Ad-Hoc|Any CPU.Build.0 = Debug|Any CPU
		{A8918BD6-B9FA-4318-8AFF-54B632ADCDBF}.Ad-Hoc|Any CPU.Deploy.0 = Debug|Any CPU
		{A8918BD6-B9FA-4318-8AFF-54B632ADCDBF}.Ad-Hoc|ARM.ActiveCfg = Debug|Any CPU
		{A8918BD6-B9FA-4318-8AFF-54B632ADCDBF}.Ad-Hoc|ARM.Build.0 = Debug|Any CPU
		{A8918BD6-B9FA-4318-8AFF-54B632ADCDBF}.Ad-Hoc|ARM.Deploy.0 = Debug|Any CPU
		{A8918BD6-B9FA-4318-8AFF-54B632ADCDBF}.Ad-Hoc|iPhone.ActiveCfg = Debug|Any CPU
		{A8918BD6-B9FA-4318-8AFF-54B632ADCDBF}.Ad-Hoc|iPhone.Build.0 = Debug|Any CPU
		{A8918BD6-B9FA-4318-8AFF-54B632ADCDBF}.Ad-Hoc|iPhone.Deploy.0 = Debug|Any CPU
		{A8918BD6-B9FA-4318-8AFF-54B632ADCDBF}.Ad-Hoc|iPhoneSimulator.ActiveCfg = Debug|Any CPU
		{A8918BD6-B9FA-4318-8AFF-54B632ADCDBF}.Ad-Hoc|iPhoneSimulator.Build.0 = Debug|Any CPU
		{A8918BD6-B9FA-4318-8AFF-54B632ADCDBF}.Ad-Hoc|iPhoneSimulator.Deploy.0 = Debug|Any CPU
		{A8918BD6-B9FA-4318-8AFF-54B632ADCDBF}.Ad-Hoc|x64.ActiveCfg = Debug|Any CPU
		{A8918BD6-B9FA-4318-8AFF-54B632ADCDBF}.Ad-Hoc|x64.Build.0 = Debug|Any CPU
		{A8918BD6-B9FA-4318-8AFF-54B632ADCDBF}.Ad-Hoc|x64.Deploy.0 = Debug|Any CPU
		{A8918BD6-B9FA-4318-8AFF-54B632ADCDBF}.Ad-Hoc|x86.ActiveCfg = Debug|Any CPU
		{A8918BD6-B9FA-4318-8AFF-54B632ADCDBF}.Ad-Hoc|x86.Build.0 = Debug|Any CPU
		{A8918BD6-B9FA-4318-8AFF-54B632ADCDBF}.Ad-Hoc|x86.Deploy.0 = Debug|Any CPU
		{A8918BD6-B9FA-4318-8AFF-54B632ADCDBF}.AppStore|Any CPU.ActiveCfg = Debug|Any CPU
		{A8918BD6-B9FA-4318-8AFF-54B632ADCDBF}.AppStore|Any CPU.Build.0 = Debug|Any CPU
		{A8918BD6-B9FA-4318-8AFF-54B632ADCDBF}.AppStore|Any CPU.Deploy.0 = Debug|Any CPU
		{A8918BD6-B9FA-4318-8AFF-54B632ADCDBF}.AppStore|ARM.ActiveCfg = Debug|Any CPU
		{A8918BD6-B9FA-4318-8AFF-54B632ADCDBF}.AppStore|ARM.Build.0 = Debug|Any CPU
		{A8918BD6-B9FA-4318-8AFF-54B632ADCDBF}.AppStore|ARM.Deploy.0 = Debug|Any CPU
		{A8918BD6-B9FA-4318-8AFF-54B632ADCDBF}.AppStore|iPhone.ActiveCfg = Debug|Any CPU
		{A8918BD6-B9FA-4318-8AFF-54B632ADCDBF}.AppStore|iPhone.Build.0 = Debug|Any CPU
		{A8918BD6-B9FA-4318-8AFF-54B632ADCDBF}.AppStore|iPhone.Deploy.0 = Debug|Any CPU
		{A8918BD6-B9FA-4318-8AFF-54B632ADCDBF}.AppStore|iPhoneSimulator.ActiveCfg = Debug|Any CPU
		{A8918BD6-B9FA-4318-8AFF-54B632ADCDBF}.AppStore|iPhoneSimulator.Build.0 = Debug|Any CPU
		{A8918BD6-B9FA-4318-8AFF-54B632ADCDBF}.AppStore|iPhoneSimulator.Deploy.0 = Debug|Any CPU
		{A8918BD6-B9FA-4318-8AFF-54B632ADCDBF}.AppStore|x64.ActiveCfg = Debug|Any CPU
		{A8918BD6-B9FA-4318-8AFF-54B632ADCDBF}.AppStore|x64.Build.0 = Debug|Any CPU
		{A8918BD6-B9FA-4318-8AFF-54B632ADCDBF}.AppStore|x64.Deploy.0 = Debug|Any CPU
		{A8918BD6-B9FA-4318-8AFF-54B632ADCDBF}.AppStore|x86.ActiveCfg = Debug|Any CPU
		{A8918BD6-B9FA-4318-8AFF-54B632ADCDBF}.AppStore|x86.Build.0 = Debug|Any CPU
		{A8918BD6-B9FA-4318-8AFF-54B632ADCDBF}.AppStore|x86.Deploy.0 = Debug|Any CPU
		{A8918BD6-B9FA-4318-8AFF-54B632ADCDBF}.Debug|Any CPU.ActiveCfg = Debug|Any CPU
		{A8918BD6-B9FA-4318-8AFF-54B632ADCDBF}.Debug|Any CPU.Build.0 = Debug|Any CPU
		{A8918BD6-B9FA-4318-8AFF-54B632ADCDBF}.Debug|Any CPU.Deploy.0 = Debug|Any CPU
		{A8918BD6-B9FA-4318-8AFF-54B632ADCDBF}.Debug|ARM.ActiveCfg = Debug|Any CPU
		{A8918BD6-B9FA-4318-8AFF-54B632ADCDBF}.Debug|ARM.Build.0 = Debug|Any CPU
		{A8918BD6-B9FA-4318-8AFF-54B632ADCDBF}.Debug|ARM.Deploy.0 = Debug|Any CPU
		{A8918BD6-B9FA-4318-8AFF-54B632ADCDBF}.Debug|iPhone.ActiveCfg = Debug|Any CPU
		{A8918BD6-B9FA-4318-8AFF-54B632ADCDBF}.Debug|iPhone.Build.0 = Debug|Any CPU
		{A8918BD6-B9FA-4318-8AFF-54B632ADCDBF}.Debug|iPhone.Deploy.0 = Debug|Any CPU
		{A8918BD6-B9FA-4318-8AFF-54B632ADCDBF}.Debug|iPhoneSimulator.ActiveCfg = Debug|Any CPU
		{A8918BD6-B9FA-4318-8AFF-54B632ADCDBF}.Debug|iPhoneSimulator.Build.0 = Debug|Any CPU
		{A8918BD6-B9FA-4318-8AFF-54B632ADCDBF}.Debug|iPhoneSimulator.Deploy.0 = Debug|Any CPU
		{A8918BD6-B9FA-4318-8AFF-54B632ADCDBF}.Debug|x64.ActiveCfg = Debug|Any CPU
		{A8918BD6-B9FA-4318-8AFF-54B632ADCDBF}.Debug|x64.Build.0 = Debug|Any CPU
		{A8918BD6-B9FA-4318-8AFF-54B632ADCDBF}.Debug|x64.Deploy.0 = Debug|Any CPU
		{A8918BD6-B9FA-4318-8AFF-54B632ADCDBF}.Debug|x86.ActiveCfg = Debug|Any CPU
		{A8918BD6-B9FA-4318-8AFF-54B632ADCDBF}.Debug|x86.Build.0 = Debug|Any CPU
		{A8918BD6-B9FA-4318-8AFF-54B632ADCDBF}.Debug|x86.Deploy.0 = Debug|Any CPU
		{A8918BD6-B9FA-4318-8AFF-54B632ADCDBF}.Release|Any CPU.ActiveCfg = Release|Any CPU
		{A8918BD6-B9FA-4318-8AFF-54B632ADCDBF}.Release|Any CPU.Build.0 = Release|Any CPU
		{A8918BD6-B9FA-4318-8AFF-54B632ADCDBF}.Release|Any CPU.Deploy.0 = Release|Any CPU
		{A8918BD6-B9FA-4318-8AFF-54B632ADCDBF}.Release|ARM.ActiveCfg = Release|Any CPU
		{A8918BD6-B9FA-4318-8AFF-54B632ADCDBF}.Release|ARM.Build.0 = Release|Any CPU
		{A8918BD6-B9FA-4318-8AFF-54B632ADCDBF}.Release|ARM.Deploy.0 = Release|Any CPU
		{A8918BD6-B9FA-4318-8AFF-54B632ADCDBF}.Release|iPhone.ActiveCfg = Release|Any CPU
		{A8918BD6-B9FA-4318-8AFF-54B632ADCDBF}.Release|iPhone.Build.0 = Release|Any CPU
		{A8918BD6-B9FA-4318-8AFF-54B632ADCDBF}.Release|iPhone.Deploy.0 = Release|Any CPU
		{A8918BD6-B9FA-4318-8AFF-54B632ADCDBF}.Release|iPhoneSimulator.ActiveCfg = Release|Any CPU
		{A8918BD6-B9FA-4318-8AFF-54B632ADCDBF}.Release|iPhoneSimulator.Build.0 = Release|Any CPU
		{A8918BD6-B9FA-4318-8AFF-54B632ADCDBF}.Release|iPhoneSimulator.Deploy.0 = Release|Any CPU
		{A8918BD6-B9FA-4318-8AFF-54B632ADCDBF}.Release|x64.ActiveCfg = Release|Any CPU
		{A8918BD6-B9FA-4318-8AFF-54B632ADCDBF}.Release|x64.Build.0 = Release|Any CPU
		{A8918BD6-B9FA-4318-8AFF-54B632ADCDBF}.Release|x64.Deploy.0 = Release|Any CPU
		{A8918BD6-B9FA-4318-8AFF-54B632ADCDBF}.Release|x86.ActiveCfg = Release|Any CPU
		{A8918BD6-B9FA-4318-8AFF-54B632ADCDBF}.Release|x86.Build.0 = Release|Any CPU
		{A8918BD6-B9FA-4318-8AFF-54B632ADCDBF}.Release|x86.Deploy.0 = Release|Any CPU
		{5FC62321-6EBD-46BC-B9E0-890CAD082B47}.Ad-Hoc|Any CPU.ActiveCfg = Release|Any CPU
		{5FC62321-6EBD-46BC-B9E0-890CAD082B47}.Ad-Hoc|Any CPU.Build.0 = Release|Any CPU
		{5FC62321-6EBD-46BC-B9E0-890CAD082B47}.Ad-Hoc|Any CPU.Deploy.0 = Release|Any CPU
		{5FC62321-6EBD-46BC-B9E0-890CAD082B47}.Ad-Hoc|ARM.ActiveCfg = Release|Any CPU
		{5FC62321-6EBD-46BC-B9E0-890CAD082B47}.Ad-Hoc|ARM.Build.0 = Release|Any CPU
		{5FC62321-6EBD-46BC-B9E0-890CAD082B47}.Ad-Hoc|ARM.Deploy.0 = Release|Any CPU
		{5FC62321-6EBD-46BC-B9E0-890CAD082B47}.Ad-Hoc|iPhone.ActiveCfg = Release|Any CPU
		{5FC62321-6EBD-46BC-B9E0-890CAD082B47}.Ad-Hoc|iPhone.Build.0 = Release|Any CPU
		{5FC62321-6EBD-46BC-B9E0-890CAD082B47}.Ad-Hoc|iPhone.Deploy.0 = Release|Any CPU
		{5FC62321-6EBD-46BC-B9E0-890CAD082B47}.Ad-Hoc|iPhoneSimulator.ActiveCfg = Release|Any CPU
		{5FC62321-6EBD-46BC-B9E0-890CAD082B47}.Ad-Hoc|iPhoneSimulator.Build.0 = Release|Any CPU
		{5FC62321-6EBD-46BC-B9E0-890CAD082B47}.Ad-Hoc|iPhoneSimulator.Deploy.0 = Release|Any CPU
		{5FC62321-6EBD-46BC-B9E0-890CAD082B47}.Ad-Hoc|x64.ActiveCfg = Release|Any CPU
		{5FC62321-6EBD-46BC-B9E0-890CAD082B47}.Ad-Hoc|x64.Build.0 = Release|Any CPU
		{5FC62321-6EBD-46BC-B9E0-890CAD082B47}.Ad-Hoc|x64.Deploy.0 = Release|Any CPU
		{5FC62321-6EBD-46BC-B9E0-890CAD082B47}.Ad-Hoc|x86.ActiveCfg = Release|Any CPU
		{5FC62321-6EBD-46BC-B9E0-890CAD082B47}.Ad-Hoc|x86.Build.0 = Release|Any CPU
		{5FC62321-6EBD-46BC-B9E0-890CAD082B47}.Ad-Hoc|x86.Deploy.0 = Release|Any CPU
		{5FC62321-6EBD-46BC-B9E0-890CAD082B47}.AppStore|Any CPU.ActiveCfg = Release|Any CPU
		{5FC62321-6EBD-46BC-B9E0-890CAD082B47}.AppStore|Any CPU.Build.0 = Release|Any CPU
		{5FC62321-6EBD-46BC-B9E0-890CAD082B47}.AppStore|Any CPU.Deploy.0 = Release|Any CPU
		{5FC62321-6EBD-46BC-B9E0-890CAD082B47}.AppStore|ARM.ActiveCfg = Release|Any CPU
		{5FC62321-6EBD-46BC-B9E0-890CAD082B47}.AppStore|ARM.Build.0 = Release|Any CPU
		{5FC62321-6EBD-46BC-B9E0-890CAD082B47}.AppStore|ARM.Deploy.0 = Release|Any CPU
		{5FC62321-6EBD-46BC-B9E0-890CAD082B47}.AppStore|iPhone.ActiveCfg = Release|Any CPU
		{5FC62321-6EBD-46BC-B9E0-890CAD082B47}.AppStore|iPhone.Build.0 = Release|Any CPU
		{5FC62321-6EBD-46BC-B9E0-890CAD082B47}.AppStore|iPhone.Deploy.0 = Release|Any CPU
		{5FC62321-6EBD-46BC-B9E0-890CAD082B47}.AppStore|iPhoneSimulator.ActiveCfg = Release|Any CPU
		{5FC62321-6EBD-46BC-B9E0-890CAD082B47}.AppStore|iPhoneSimulator.Build.0 = Release|Any CPU
		{5FC62321-6EBD-46BC-B9E0-890CAD082B47}.AppStore|iPhoneSimulator.Deploy.0 = Release|Any CPU
		{5FC62321-6EBD-46BC-B9E0-890CAD082B47}.AppStore|x64.ActiveCfg = Release|Any CPU
		{5FC62321-6EBD-46BC-B9E0-890CAD082B47}.AppStore|x64.Build.0 = Release|Any CPU
		{5FC62321-6EBD-46BC-B9E0-890CAD082B47}.AppStore|x64.Deploy.0 = Release|Any CPU
		{5FC62321-6EBD-46BC-B9E0-890CAD082B47}.AppStore|x86.ActiveCfg = Release|Any CPU
		{5FC62321-6EBD-46BC-B9E0-890CAD082B47}.AppStore|x86.Build.0 = Release|Any CPU
		{5FC62321-6EBD-46BC-B9E0-890CAD082B47}.AppStore|x86.Deploy.0 = Release|Any CPU
		{5FC62321-6EBD-46BC-B9E0-890CAD082B47}.Debug|Any CPU.ActiveCfg = Debug|Any CPU
		{5FC62321-6EBD-46BC-B9E0-890CAD082B47}.Debug|Any CPU.Build.0 = Debug|Any CPU
		{5FC62321-6EBD-46BC-B9E0-890CAD082B47}.Debug|Any CPU.Deploy.0 = Debug|Any CPU
		{5FC62321-6EBD-46BC-B9E0-890CAD082B47}.Debug|ARM.ActiveCfg = Debug|Any CPU
		{5FC62321-6EBD-46BC-B9E0-890CAD082B47}.Debug|ARM.Build.0 = Debug|Any CPU
		{5FC62321-6EBD-46BC-B9E0-890CAD082B47}.Debug|ARM.Deploy.0 = Debug|Any CPU
		{5FC62321-6EBD-46BC-B9E0-890CAD082B47}.Debug|iPhone.ActiveCfg = Debug|Any CPU
		{5FC62321-6EBD-46BC-B9E0-890CAD082B47}.Debug|iPhone.Build.0 = Debug|Any CPU
		{5FC62321-6EBD-46BC-B9E0-890CAD082B47}.Debug|iPhone.Deploy.0 = Debug|Any CPU
		{5FC62321-6EBD-46BC-B9E0-890CAD082B47}.Debug|iPhoneSimulator.ActiveCfg = Debug|Any CPU
		{5FC62321-6EBD-46BC-B9E0-890CAD082B47}.Debug|iPhoneSimulator.Build.0 = Debug|Any CPU
		{5FC62321-6EBD-46BC-B9E0-890CAD082B47}.Debug|iPhoneSimulator.Deploy.0 = Debug|Any CPU
		{5FC62321-6EBD-46BC-B9E0-890CAD082B47}.Debug|x64.ActiveCfg = Debug|Any CPU
		{5FC62321-6EBD-46BC-B9E0-890CAD082B47}.Debug|x64.Build.0 = Debug|Any CPU
		{5FC62321-6EBD-46BC-B9E0-890CAD082B47}.Debug|x64.Deploy.0 = Debug|Any CPU
		{5FC62321-6EBD-46BC-B9E0-890CAD082B47}.Debug|x86.ActiveCfg = Debug|Any CPU
		{5FC62321-6EBD-46BC-B9E0-890CAD082B47}.Debug|x86.Build.0 = Debug|Any CPU
		{5FC62321-6EBD-46BC-B9E0-890CAD082B47}.Debug|x86.Deploy.0 = Debug|Any CPU
		{5FC62321-6EBD-46BC-B9E0-890CAD082B47}.Release|Any CPU.ActiveCfg = Release|Any CPU
		{5FC62321-6EBD-46BC-B9E0-890CAD082B47}.Release|Any CPU.Build.0 = Release|Any CPU
		{5FC62321-6EBD-46BC-B9E0-890CAD082B47}.Release|Any CPU.Deploy.0 = Release|Any CPU
		{5FC62321-6EBD-46BC-B9E0-890CAD082B47}.Release|ARM.ActiveCfg = Release|Any CPU
		{5FC62321-6EBD-46BC-B9E0-890CAD082B47}.Release|ARM.Build.0 = Release|Any CPU
		{5FC62321-6EBD-46BC-B9E0-890CAD082B47}.Release|ARM.Deploy.0 = Release|Any CPU
		{5FC62321-6EBD-46BC-B9E0-890CAD082B47}.Release|iPhone.ActiveCfg = Release|Any CPU
		{5FC62321-6EBD-46BC-B9E0-890CAD082B47}.Release|iPhone.Build.0 = Release|Any CPU
		{5FC62321-6EBD-46BC-B9E0-890CAD082B47}.Release|iPhone.Deploy.0 = Release|Any CPU
		{5FC62321-6EBD-46BC-B9E0-890CAD082B47}.Release|iPhoneSimulator.ActiveCfg = Release|Any CPU
		{5FC62321-6EBD-46BC-B9E0-890CAD082B47}.Release|iPhoneSimulator.Build.0 = Release|Any CPU
		{5FC62321-6EBD-46BC-B9E0-890CAD082B47}.Release|iPhoneSimulator.Deploy.0 = Release|Any CPU
		{5FC62321-6EBD-46BC-B9E0-890CAD082B47}.Release|x64.ActiveCfg = Release|Any CPU
		{5FC62321-6EBD-46BC-B9E0-890CAD082B47}.Release|x64.Build.0 = Release|Any CPU
		{5FC62321-6EBD-46BC-B9E0-890CAD082B47}.Release|x64.Deploy.0 = Release|Any CPU
		{5FC62321-6EBD-46BC-B9E0-890CAD082B47}.Release|x86.ActiveCfg = Release|Any CPU
		{5FC62321-6EBD-46BC-B9E0-890CAD082B47}.Release|x86.Build.0 = Release|Any CPU
		{5FC62321-6EBD-46BC-B9E0-890CAD082B47}.Release|x86.Deploy.0 = Release|Any CPU
		{70954986-1A46-4A62-A5E7-A85A1D865B73}.Ad-Hoc|Any CPU.ActiveCfg = Ad-Hoc|iPhone
		{70954986-1A46-4A62-A5E7-A85A1D865B73}.Ad-Hoc|Any CPU.Build.0 = Ad-Hoc|iPhone
		{70954986-1A46-4A62-A5E7-A85A1D865B73}.Ad-Hoc|Any CPU.Deploy.0 = Ad-Hoc|iPhone
		{70954986-1A46-4A62-A5E7-A85A1D865B73}.Ad-Hoc|ARM.ActiveCfg = Ad-Hoc|iPhone
		{70954986-1A46-4A62-A5E7-A85A1D865B73}.Ad-Hoc|ARM.Build.0 = Ad-Hoc|iPhone
		{70954986-1A46-4A62-A5E7-A85A1D865B73}.Ad-Hoc|ARM.Deploy.0 = Ad-Hoc|iPhone
		{70954986-1A46-4A62-A5E7-A85A1D865B73}.Ad-Hoc|iPhone.ActiveCfg = Ad-Hoc|iPhone
		{70954986-1A46-4A62-A5E7-A85A1D865B73}.Ad-Hoc|iPhone.Build.0 = Ad-Hoc|iPhone
		{70954986-1A46-4A62-A5E7-A85A1D865B73}.Ad-Hoc|iPhone.Deploy.0 = Ad-Hoc|iPhone
		{70954986-1A46-4A62-A5E7-A85A1D865B73}.Ad-Hoc|iPhoneSimulator.ActiveCfg = Ad-Hoc|iPhoneSimulator
		{70954986-1A46-4A62-A5E7-A85A1D865B73}.Ad-Hoc|iPhoneSimulator.Build.0 = Ad-Hoc|iPhoneSimulator
		{70954986-1A46-4A62-A5E7-A85A1D865B73}.Ad-Hoc|iPhoneSimulator.Deploy.0 = Ad-Hoc|iPhoneSimulator
		{70954986-1A46-4A62-A5E7-A85A1D865B73}.Ad-Hoc|x64.ActiveCfg = Ad-Hoc|iPhone
		{70954986-1A46-4A62-A5E7-A85A1D865B73}.Ad-Hoc|x64.Build.0 = Ad-Hoc|iPhone
		{70954986-1A46-4A62-A5E7-A85A1D865B73}.Ad-Hoc|x64.Deploy.0 = Ad-Hoc|iPhone
		{70954986-1A46-4A62-A5E7-A85A1D865B73}.Ad-Hoc|x86.ActiveCfg = Ad-Hoc|iPhone
		{70954986-1A46-4A62-A5E7-A85A1D865B73}.Ad-Hoc|x86.Build.0 = Ad-Hoc|iPhone
		{70954986-1A46-4A62-A5E7-A85A1D865B73}.Ad-Hoc|x86.Deploy.0 = Ad-Hoc|iPhone
		{70954986-1A46-4A62-A5E7-A85A1D865B73}.AppStore|Any CPU.ActiveCfg = AppStore|iPhone
		{70954986-1A46-4A62-A5E7-A85A1D865B73}.AppStore|Any CPU.Build.0 = AppStore|iPhone
		{70954986-1A46-4A62-A5E7-A85A1D865B73}.AppStore|Any CPU.Deploy.0 = AppStore|iPhone
		{70954986-1A46-4A62-A5E7-A85A1D865B73}.AppStore|ARM.ActiveCfg = AppStore|iPhone
		{70954986-1A46-4A62-A5E7-A85A1D865B73}.AppStore|ARM.Build.0 = AppStore|iPhone
		{70954986-1A46-4A62-A5E7-A85A1D865B73}.AppStore|ARM.Deploy.0 = AppStore|iPhone
		{70954986-1A46-4A62-A5E7-A85A1D865B73}.AppStore|iPhone.ActiveCfg = AppStore|iPhone
		{70954986-1A46-4A62-A5E7-A85A1D865B73}.AppStore|iPhone.Build.0 = AppStore|iPhone
		{70954986-1A46-4A62-A5E7-A85A1D865B73}.AppStore|iPhone.Deploy.0 = AppStore|iPhone
		{70954986-1A46-4A62-A5E7-A85A1D865B73}.AppStore|iPhoneSimulator.ActiveCfg = AppStore|iPhoneSimulator
		{70954986-1A46-4A62-A5E7-A85A1D865B73}.AppStore|iPhoneSimulator.Build.0 = AppStore|iPhoneSimulator
		{70954986-1A46-4A62-A5E7-A85A1D865B73}.AppStore|iPhoneSimulator.Deploy.0 = AppStore|iPhoneSimulator
		{70954986-1A46-4A62-A5E7-A85A1D865B73}.AppStore|x64.ActiveCfg = AppStore|iPhone
		{70954986-1A46-4A62-A5E7-A85A1D865B73}.AppStore|x64.Build.0 = AppStore|iPhone
		{70954986-1A46-4A62-A5E7-A85A1D865B73}.AppStore|x64.Deploy.0 = AppStore|iPhone
		{70954986-1A46-4A62-A5E7-A85A1D865B73}.AppStore|x86.ActiveCfg = AppStore|iPhone
		{70954986-1A46-4A62-A5E7-A85A1D865B73}.AppStore|x86.Build.0 = AppStore|iPhone
		{70954986-1A46-4A62-A5E7-A85A1D865B73}.AppStore|x86.Deploy.0 = AppStore|iPhone
		{70954986-1A46-4A62-A5E7-A85A1D865B73}.Debug|Any CPU.ActiveCfg = Debug|iPhoneSimulator
		{70954986-1A46-4A62-A5E7-A85A1D865B73}.Debug|Any CPU.Build.0 = Debug|iPhoneSimulator
		{70954986-1A46-4A62-A5E7-A85A1D865B73}.Debug|Any CPU.Deploy.0 = Debug|iPhoneSimulator
		{70954986-1A46-4A62-A5E7-A85A1D865B73}.Debug|ARM.ActiveCfg = Debug|iPhone
		{70954986-1A46-4A62-A5E7-A85A1D865B73}.Debug|ARM.Build.0 = Debug|iPhone
		{70954986-1A46-4A62-A5E7-A85A1D865B73}.Debug|ARM.Deploy.0 = Debug|iPhone
		{70954986-1A46-4A62-A5E7-A85A1D865B73}.Debug|iPhone.ActiveCfg = Debug|iPhone
		{70954986-1A46-4A62-A5E7-A85A1D865B73}.Debug|iPhone.Build.0 = Debug|iPhone
		{70954986-1A46-4A62-A5E7-A85A1D865B73}.Debug|iPhone.Deploy.0 = Debug|iPhone
		{70954986-1A46-4A62-A5E7-A85A1D865B73}.Debug|iPhoneSimulator.ActiveCfg = Debug|iPhoneSimulator
		{70954986-1A46-4A62-A5E7-A85A1D865B73}.Debug|iPhoneSimulator.Build.0 = Debug|iPhoneSimulator
		{70954986-1A46-4A62-A5E7-A85A1D865B73}.Debug|iPhoneSimulator.Deploy.0 = Debug|iPhoneSimulator
		{70954986-1A46-4A62-A5E7-A85A1D865B73}.Debug|x64.ActiveCfg = Debug|iPhone
		{70954986-1A46-4A62-A5E7-A85A1D865B73}.Debug|x64.Build.0 = Debug|iPhone
		{70954986-1A46-4A62-A5E7-A85A1D865B73}.Debug|x64.Deploy.0 = Debug|iPhone
		{70954986-1A46-4A62-A5E7-A85A1D865B73}.Debug|x86.ActiveCfg = Debug|iPhone
		{70954986-1A46-4A62-A5E7-A85A1D865B73}.Debug|x86.Build.0 = Debug|iPhone
		{70954986-1A46-4A62-A5E7-A85A1D865B73}.Debug|x86.Deploy.0 = Debug|iPhone
		{70954986-1A46-4A62-A5E7-A85A1D865B73}.Release|Any CPU.ActiveCfg = Release|iPhone
		{70954986-1A46-4A62-A5E7-A85A1D865B73}.Release|Any CPU.Build.0 = Release|iPhone
		{70954986-1A46-4A62-A5E7-A85A1D865B73}.Release|Any CPU.Deploy.0 = Release|iPhone
		{70954986-1A46-4A62-A5E7-A85A1D865B73}.Release|ARM.ActiveCfg = Release|iPhone
		{70954986-1A46-4A62-A5E7-A85A1D865B73}.Release|ARM.Build.0 = Release|iPhone
		{70954986-1A46-4A62-A5E7-A85A1D865B73}.Release|ARM.Deploy.0 = Release|iPhone
		{70954986-1A46-4A62-A5E7-A85A1D865B73}.Release|iPhone.ActiveCfg = Release|iPhone
		{70954986-1A46-4A62-A5E7-A85A1D865B73}.Release|iPhone.Build.0 = Release|iPhone
		{70954986-1A46-4A62-A5E7-A85A1D865B73}.Release|iPhone.Deploy.0 = Release|iPhone
		{70954986-1A46-4A62-A5E7-A85A1D865B73}.Release|iPhoneSimulator.ActiveCfg = Release|iPhoneSimulator
		{70954986-1A46-4A62-A5E7-A85A1D865B73}.Release|iPhoneSimulator.Build.0 = Release|iPhoneSimulator
		{70954986-1A46-4A62-A5E7-A85A1D865B73}.Release|iPhoneSimulator.Deploy.0 = Release|iPhoneSimulator
		{70954986-1A46-4A62-A5E7-A85A1D865B73}.Release|x64.ActiveCfg = Release|iPhone
		{70954986-1A46-4A62-A5E7-A85A1D865B73}.Release|x64.Build.0 = Release|iPhone
		{70954986-1A46-4A62-A5E7-A85A1D865B73}.Release|x64.Deploy.0 = Release|iPhone
		{70954986-1A46-4A62-A5E7-A85A1D865B73}.Release|x86.ActiveCfg = Release|iPhone
		{70954986-1A46-4A62-A5E7-A85A1D865B73}.Release|x86.Build.0 = Release|iPhone
		{70954986-1A46-4A62-A5E7-A85A1D865B73}.Release|x86.Deploy.0 = Release|iPhone
		{B7EA026E-9C0D-4E1A-89BC-5169FB6FF044}.Ad-Hoc|Any CPU.ActiveCfg = Release|x86
		{B7EA026E-9C0D-4E1A-89BC-5169FB6FF044}.Ad-Hoc|Any CPU.Build.0 = Release|x86
		{B7EA026E-9C0D-4E1A-89BC-5169FB6FF044}.Ad-Hoc|Any CPU.Deploy.0 = Release|x86
		{B7EA026E-9C0D-4E1A-89BC-5169FB6FF044}.Ad-Hoc|ARM.ActiveCfg = Release|ARM
		{B7EA026E-9C0D-4E1A-89BC-5169FB6FF044}.Ad-Hoc|ARM.Build.0 = Release|ARM
		{B7EA026E-9C0D-4E1A-89BC-5169FB6FF044}.Ad-Hoc|ARM.Deploy.0 = Release|ARM
		{B7EA026E-9C0D-4E1A-89BC-5169FB6FF044}.Ad-Hoc|iPhone.ActiveCfg = Release|x86
		{B7EA026E-9C0D-4E1A-89BC-5169FB6FF044}.Ad-Hoc|iPhone.Build.0 = Release|x86
		{B7EA026E-9C0D-4E1A-89BC-5169FB6FF044}.Ad-Hoc|iPhone.Deploy.0 = Release|x86
		{B7EA026E-9C0D-4E1A-89BC-5169FB6FF044}.Ad-Hoc|iPhoneSimulator.ActiveCfg = Release|x86
		{B7EA026E-9C0D-4E1A-89BC-5169FB6FF044}.Ad-Hoc|iPhoneSimulator.Build.0 = Release|x86
		{B7EA026E-9C0D-4E1A-89BC-5169FB6FF044}.Ad-Hoc|iPhoneSimulator.Deploy.0 = Release|x86
		{B7EA026E-9C0D-4E1A-89BC-5169FB6FF044}.Ad-Hoc|x64.ActiveCfg = Release|x64
		{B7EA026E-9C0D-4E1A-89BC-5169FB6FF044}.Ad-Hoc|x64.Build.0 = Release|x64
		{B7EA026E-9C0D-4E1A-89BC-5169FB6FF044}.Ad-Hoc|x64.Deploy.0 = Release|x64
		{B7EA026E-9C0D-4E1A-89BC-5169FB6FF044}.Ad-Hoc|x86.ActiveCfg = Release|x86
		{B7EA026E-9C0D-4E1A-89BC-5169FB6FF044}.Ad-Hoc|x86.Build.0 = Release|x86
		{B7EA026E-9C0D-4E1A-89BC-5169FB6FF044}.Ad-Hoc|x86.Deploy.0 = Release|x86
		{B7EA026E-9C0D-4E1A-89BC-5169FB6FF044}.AppStore|Any CPU.ActiveCfg = Release|x86
		{B7EA026E-9C0D-4E1A-89BC-5169FB6FF044}.AppStore|Any CPU.Build.0 = Release|x86
		{B7EA026E-9C0D-4E1A-89BC-5169FB6FF044}.AppStore|Any CPU.Deploy.0 = Release|x86
		{B7EA026E-9C0D-4E1A-89BC-5169FB6FF044}.AppStore|ARM.ActiveCfg = Release|ARM
		{B7EA026E-9C0D-4E1A-89BC-5169FB6FF044}.AppStore|ARM.Build.0 = Release|ARM
		{B7EA026E-9C0D-4E1A-89BC-5169FB6FF044}.AppStore|ARM.Deploy.0 = Release|ARM
		{B7EA026E-9C0D-4E1A-89BC-5169FB6FF044}.AppStore|iPhone.ActiveCfg = Release|x86
		{B7EA026E-9C0D-4E1A-89BC-5169FB6FF044}.AppStore|iPhone.Build.0 = Release|x86
		{B7EA026E-9C0D-4E1A-89BC-5169FB6FF044}.AppStore|iPhone.Deploy.0 = Release|x86
		{B7EA026E-9C0D-4E1A-89BC-5169FB6FF044}.AppStore|iPhoneSimulator.ActiveCfg = Release|x86
		{B7EA026E-9C0D-4E1A-89BC-5169FB6FF044}.AppStore|iPhoneSimulator.Build.0 = Release|x86
		{B7EA026E-9C0D-4E1A-89BC-5169FB6FF044}.AppStore|iPhoneSimulator.Deploy.0 = Release|x86
		{B7EA026E-9C0D-4E1A-89BC-5169FB6FF044}.AppStore|x64.ActiveCfg = Release|x64
		{B7EA026E-9C0D-4E1A-89BC-5169FB6FF044}.AppStore|x64.Build.0 = Release|x64
		{B7EA026E-9C0D-4E1A-89BC-5169FB6FF044}.AppStore|x64.Deploy.0 = Release|x64
		{B7EA026E-9C0D-4E1A-89BC-5169FB6FF044}.AppStore|x86.ActiveCfg = Release|x86
		{B7EA026E-9C0D-4E1A-89BC-5169FB6FF044}.AppStore|x86.Build.0 = Release|x86
		{B7EA026E-9C0D-4E1A-89BC-5169FB6FF044}.AppStore|x86.Deploy.0 = Release|x86
		{B7EA026E-9C0D-4E1A-89BC-5169FB6FF044}.Debug|Any CPU.ActiveCfg = Debug|x86
		{B7EA026E-9C0D-4E1A-89BC-5169FB6FF044}.Debug|Any CPU.Build.0 = Debug|x86
		{B7EA026E-9C0D-4E1A-89BC-5169FB6FF044}.Debug|Any CPU.Deploy.0 = Debug|x86
		{B7EA026E-9C0D-4E1A-89BC-5169FB6FF044}.Debug|ARM.ActiveCfg = Debug|ARM
		{B7EA026E-9C0D-4E1A-89BC-5169FB6FF044}.Debug|ARM.Build.0 = Debug|ARM
		{B7EA026E-9C0D-4E1A-89BC-5169FB6FF044}.Debug|ARM.Deploy.0 = Debug|ARM
		{B7EA026E-9C0D-4E1A-89BC-5169FB6FF044}.Debug|iPhone.ActiveCfg = Debug|x86
		{B7EA026E-9C0D-4E1A-89BC-5169FB6FF044}.Debug|iPhone.Build.0 = Debug|x86
		{B7EA026E-9C0D-4E1A-89BC-5169FB6FF044}.Debug|iPhone.Deploy.0 = Debug|x86
		{B7EA026E-9C0D-4E1A-89BC-5169FB6FF044}.Debug|iPhoneSimulator.ActiveCfg = Debug|x86
		{B7EA026E-9C0D-4E1A-89BC-5169FB6FF044}.Debug|iPhoneSimulator.Build.0 = Debug|x86
		{B7EA026E-9C0D-4E1A-89BC-5169FB6FF044}.Debug|iPhoneSimulator.Deploy.0 = Debug|x86
		{B7EA026E-9C0D-4E1A-89BC-5169FB6FF044}.Debug|x64.ActiveCfg = Debug|x64
		{B7EA026E-9C0D-4E1A-89BC-5169FB6FF044}.Debug|x64.Build.0 = Debug|x64
		{B7EA026E-9C0D-4E1A-89BC-5169FB6FF044}.Debug|x64.Deploy.0 = Debug|x64
		{B7EA026E-9C0D-4E1A-89BC-5169FB6FF044}.Debug|x86.ActiveCfg = Debug|x86
		{B7EA026E-9C0D-4E1A-89BC-5169FB6FF044}.Debug|x86.Build.0 = Debug|x86
		{B7EA026E-9C0D-4E1A-89BC-5169FB6FF044}.Debug|x86.Deploy.0 = Debug|x86
		{B7EA026E-9C0D-4E1A-89BC-5169FB6FF044}.Release|Any CPU.ActiveCfg = Release|x86
		{B7EA026E-9C0D-4E1A-89BC-5169FB6FF044}.Release|Any CPU.Build.0 = Release|x86
		{B7EA026E-9C0D-4E1A-89BC-5169FB6FF044}.Release|Any CPU.Deploy.0 = Release|x86
		{B7EA026E-9C0D-4E1A-89BC-5169FB6FF044}.Release|ARM.ActiveCfg = Release|ARM
		{B7EA026E-9C0D-4E1A-89BC-5169FB6FF044}.Release|ARM.Build.0 = Release|ARM
		{B7EA026E-9C0D-4E1A-89BC-5169FB6FF044}.Release|ARM.Deploy.0 = Release|ARM
		{B7EA026E-9C0D-4E1A-89BC-5169FB6FF044}.Release|iPhone.ActiveCfg = Release|x86
		{B7EA026E-9C0D-4E1A-89BC-5169FB6FF044}.Release|iPhone.Build.0 = Release|x86
		{B7EA026E-9C0D-4E1A-89BC-5169FB6FF044}.Release|iPhone.Deploy.0 = Release|x86
		{B7EA026E-9C0D-4E1A-89BC-5169FB6FF044}.Release|iPhoneSimulator.ActiveCfg = Release|x86
		{B7EA026E-9C0D-4E1A-89BC-5169FB6FF044}.Release|iPhoneSimulator.Build.0 = Release|x86
		{B7EA026E-9C0D-4E1A-89BC-5169FB6FF044}.Release|iPhoneSimulator.Deploy.0 = Release|x86
		{B7EA026E-9C0D-4E1A-89BC-5169FB6FF044}.Release|x64.ActiveCfg = Release|x64
		{B7EA026E-9C0D-4E1A-89BC-5169FB6FF044}.Release|x64.Build.0 = Release|x64
		{B7EA026E-9C0D-4E1A-89BC-5169FB6FF044}.Release|x64.Deploy.0 = Release|x64
		{B7EA026E-9C0D-4E1A-89BC-5169FB6FF044}.Release|x86.ActiveCfg = Release|x86
		{B7EA026E-9C0D-4E1A-89BC-5169FB6FF044}.Release|x86.Build.0 = Release|x86
		{B7EA026E-9C0D-4E1A-89BC-5169FB6FF044}.Release|x86.Deploy.0 = Release|x86
		{B8C9B32F-26E3-4D24-B37A-EEDE5C0F5042}.Ad-Hoc|Any CPU.ActiveCfg = Debug|Any CPU
		{B8C9B32F-26E3-4D24-B37A-EEDE5C0F5042}.Ad-Hoc|Any CPU.Build.0 = Debug|Any CPU
		{B8C9B32F-26E3-4D24-B37A-EEDE5C0F5042}.Ad-Hoc|ARM.ActiveCfg = Debug|Any CPU
		{B8C9B32F-26E3-4D24-B37A-EEDE5C0F5042}.Ad-Hoc|ARM.Build.0 = Debug|Any CPU
		{B8C9B32F-26E3-4D24-B37A-EEDE5C0F5042}.Ad-Hoc|iPhone.ActiveCfg = Debug|Any CPU
		{B8C9B32F-26E3-4D24-B37A-EEDE5C0F5042}.Ad-Hoc|iPhone.Build.0 = Debug|Any CPU
		{B8C9B32F-26E3-4D24-B37A-EEDE5C0F5042}.Ad-Hoc|iPhoneSimulator.ActiveCfg = Debug|Any CPU
		{B8C9B32F-26E3-4D24-B37A-EEDE5C0F5042}.Ad-Hoc|iPhoneSimulator.Build.0 = Debug|Any CPU
		{B8C9B32F-26E3-4D24-B37A-EEDE5C0F5042}.Ad-Hoc|x64.ActiveCfg = Debug|Any CPU
		{B8C9B32F-26E3-4D24-B37A-EEDE5C0F5042}.Ad-Hoc|x64.Build.0 = Debug|Any CPU
		{B8C9B32F-26E3-4D24-B37A-EEDE5C0F5042}.Ad-Hoc|x86.ActiveCfg = Debug|Any CPU
		{B8C9B32F-26E3-4D24-B37A-EEDE5C0F5042}.Ad-Hoc|x86.Build.0 = Debug|Any CPU
		{B8C9B32F-26E3-4D24-B37A-EEDE5C0F5042}.AppStore|Any CPU.ActiveCfg = Debug|Any CPU
		{B8C9B32F-26E3-4D24-B37A-EEDE5C0F5042}.AppStore|Any CPU.Build.0 = Debug|Any CPU
		{B8C9B32F-26E3-4D24-B37A-EEDE5C0F5042}.AppStore|ARM.ActiveCfg = Debug|Any CPU
		{B8C9B32F-26E3-4D24-B37A-EEDE5C0F5042}.AppStore|ARM.Build.0 = Debug|Any CPU
		{B8C9B32F-26E3-4D24-B37A-EEDE5C0F5042}.AppStore|iPhone.ActiveCfg = Debug|Any CPU
		{B8C9B32F-26E3-4D24-B37A-EEDE5C0F5042}.AppStore|iPhone.Build.0 = Debug|Any CPU
		{B8C9B32F-26E3-4D24-B37A-EEDE5C0F5042}.AppStore|iPhoneSimulator.ActiveCfg = Debug|Any CPU
		{B8C9B32F-26E3-4D24-B37A-EEDE5C0F5042}.AppStore|iPhoneSimulator.Build.0 = Debug|Any CPU
		{B8C9B32F-26E3-4D24-B37A-EEDE5C0F5042}.AppStore|x64.ActiveCfg = Debug|Any CPU
		{B8C9B32F-26E3-4D24-B37A-EEDE5C0F5042}.AppStore|x64.Build.0 = Debug|Any CPU
		{B8C9B32F-26E3-4D24-B37A-EEDE5C0F5042}.AppStore|x86.ActiveCfg = Debug|Any CPU
		{B8C9B32F-26E3-4D24-B37A-EEDE5C0F5042}.AppStore|x86.Build.0 = Debug|Any CPU
		{B8C9B32F-26E3-4D24-B37A-EEDE5C0F5042}.Debug|Any CPU.ActiveCfg = Debug|Any CPU
		{B8C9B32F-26E3-4D24-B37A-EEDE5C0F5042}.Debug|Any CPU.Build.0 = Debug|Any CPU
		{B8C9B32F-26E3-4D24-B37A-EEDE5C0F5042}.Debug|ARM.ActiveCfg = Debug|Any CPU
		{B8C9B32F-26E3-4D24-B37A-EEDE5C0F5042}.Debug|ARM.Build.0 = Debug|Any CPU
		{B8C9B32F-26E3-4D24-B37A-EEDE5C0F5042}.Debug|iPhone.ActiveCfg = Debug|Any CPU
		{B8C9B32F-26E3-4D24-B37A-EEDE5C0F5042}.Debug|iPhone.Build.0 = Debug|Any CPU
		{B8C9B32F-26E3-4D24-B37A-EEDE5C0F5042}.Debug|iPhoneSimulator.ActiveCfg = Debug|Any CPU
		{B8C9B32F-26E3-4D24-B37A-EEDE5C0F5042}.Debug|iPhoneSimulator.Build.0 = Debug|Any CPU
		{B8C9B32F-26E3-4D24-B37A-EEDE5C0F5042}.Debug|x64.ActiveCfg = Debug|Any CPU
		{B8C9B32F-26E3-4D24-B37A-EEDE5C0F5042}.Debug|x64.Build.0 = Debug|Any CPU
		{B8C9B32F-26E3-4D24-B37A-EEDE5C0F5042}.Debug|x86.ActiveCfg = Debug|Any CPU
		{B8C9B32F-26E3-4D24-B37A-EEDE5C0F5042}.Debug|x86.Build.0 = Debug|Any CPU
		{B8C9B32F-26E3-4D24-B37A-EEDE5C0F5042}.Release|Any CPU.ActiveCfg = Release|Any CPU
		{B8C9B32F-26E3-4D24-B37A-EEDE5C0F5042}.Release|Any CPU.Build.0 = Release|Any CPU
		{B8C9B32F-26E3-4D24-B37A-EEDE5C0F5042}.Release|ARM.ActiveCfg = Release|Any CPU
		{B8C9B32F-26E3-4D24-B37A-EEDE5C0F5042}.Release|ARM.Build.0 = Release|Any CPU
		{B8C9B32F-26E3-4D24-B37A-EEDE5C0F5042}.Release|iPhone.ActiveCfg = Release|Any CPU
		{B8C9B32F-26E3-4D24-B37A-EEDE5C0F5042}.Release|iPhone.Build.0 = Release|Any CPU
		{B8C9B32F-26E3-4D24-B37A-EEDE5C0F5042}.Release|iPhoneSimulator.ActiveCfg = Release|Any CPU
		{B8C9B32F-26E3-4D24-B37A-EEDE5C0F5042}.Release|iPhoneSimulator.Build.0 = Release|Any CPU
		{B8C9B32F-26E3-4D24-B37A-EEDE5C0F5042}.Release|x64.ActiveCfg = Release|Any CPU
		{B8C9B32F-26E3-4D24-B37A-EEDE5C0F5042}.Release|x64.Build.0 = Release|Any CPU
		{B8C9B32F-26E3-4D24-B37A-EEDE5C0F5042}.Release|x86.ActiveCfg = Release|Any CPU
		{B8C9B32F-26E3-4D24-B37A-EEDE5C0F5042}.Release|x86.Build.0 = Release|Any CPU
	EndGlobalSection
	GlobalSection(SolutionProperties) = preSolution
		HideSolutionNode = FALSE
	EndGlobalSection
	GlobalSection(ExtensibilityGlobals) = postSolution
		SolutionGuid = {3EE95285-E561-4386-A89E-0A35FA5C09E1}
	EndGlobalSection
EndGlobal
